
Microsoft Visual Studio Solution File, Format Version 12.00
# Visual Studio Version 17
VisualStudioVersion = 17.9.34616.47
MinimumVisualStudioVersion = 10.0.40219.1
Project("{9A19103F-16F7-4668-BE54-9A1E7A4F7556}") = "Dsnd.CLI", "dsnd.CLI\Dsnd.CLI.csproj", "{215246AB-F2FA-4BBE-939A-97CEAF497C9F}"
EndProject
Project("{2150E333-8FDC-42A3-9474-1A3956D46DE8}") = "dll", "dll", "{30059FEA-8E97-4FF6-B3F8-8A4F25F4EDEA}"
EndProject
Project("{2150E333-8FDC-42A3-9474-1A3956D46DE8}") = "Solution Items", "Solution Items", "{FA1D7093-75E8-48FF-9EE4-A0E06217548F}"
	ProjectSection(SolutionItems) = preProject
		..\dsndLibrary\dll\dsnd.dll = ..\dsndLibrary\dll\dsnd.dll
	EndProjectSection
EndProject
Global
	GlobalSection(SolutionConfigurationPlatforms) = preSolution
		Debug|Any CPU = Debug|Any CPU
		Release|Any CPU = Release|Any CPU
	EndGlobalSection
	GlobalSection(ProjectConfigurationPlatforms) = postSolution
		{215246AB-F2FA-4BBE-939A-97CEAF497C9F}.Debug|Any CPU.ActiveCfg = Debug|Any CPU
		{215246AB-F2FA-4BBE-939A-97CEAF497C9F}.Debug|Any CPU.Build.0 = Debug|Any CPU
		{215246AB-F2FA-4BBE-939A-97CEAF497C9F}.Release|Any CPU.ActiveCfg = Release|Any CPU
		{215246AB-F2FA-4BBE-939A-97CEAF497C9F}.Release|Any CPU.Build.0 = Release|Any CPU
	EndGlobalSection
	GlobalSection(SolutionProperties) = preSolution
		HideSolutionNode = FALSE
	EndGlobalSection
	GlobalSection(ExtensibilityGlobals) = postSolution
		SolutionGuid = {D3238EC2-A05A-48D0-BC25-328CCFB17760}
	EndGlobalSection
EndGlobal
